
Microsoft Visual Studio Solution File, Format Version 12.00
# Visual Studio 15
VisualStudioVersion = 15.0.26730.16
MinimumVisualStudioVersion = 10.0.40219.1
Project("{FAE04EC0-301F-11D3-BF4B-00C04F79EFBC}") = "kontr", "ConsoleApp20\kontr.csproj", "{0D242DEB-9408-4611-96BD-939FB9A45B5C}"
EndProject
Global
	GlobalSection(SolutionConfigurationPlatforms) = preSolution
		Debug|Any CPU = Debug|Any CPU
		Release|Any CPU = Release|Any CPU
	EndGlobalSection
	GlobalSection(ProjectConfigurationPlatforms) = postSolution
		{0D242DEB-9408-4611-96BD-939FB9A45B5C}.Debug|Any CPU.ActiveCfg = Debug|Any CPU
		{0D242DEB-9408-4611-96BD-939FB9A45B5C}.Debug|Any CPU.Build.0 = Debug|Any CPU
		{0D242DEB-9408-4611-96BD-939FB9A45B5C}.Release|Any CPU.ActiveCfg = Release|Any CPU
		{0D242DEB-9408-4611-96BD-939FB9A45B5C}.Release|Any CPU.Build.0 = Release|Any CPU
	EndGlobalSection
	GlobalSection(SolutionProperties) = preSolution
		HideSolutionNode = FALSE
	EndGlobalSection
	GlobalSection(ExtensibilityGlobals) = postSolution
		SolutionGuid = {BF839759-CA94-4075-9D2D-58E6A67F6E3F}
	EndGlobalSection
EndGlobal
